
Microsoft Visual Studio Solution File, Format Version 12.00
# Visual Studio Version 16
VisualStudioVersion = 16.0.29709.97
MinimumVisualStudioVersion = 10.0.40219.1
Project("{FAE04EC0-301F-11D3-BF4B-00C04F79EFBC}") = "Chapter 4 Exwecise", "Chapter 4 Exwecise\Chapter 4 Exwecise.csproj", "{CE3EB398-FAD4-427F-9628-22618DB8A0CF}"
EndProject
Global
	GlobalSection(SolutionConfigurationPlatforms) = preSolution
		Debug|Any CPU = Debug|Any CPU
		Release|Any CPU = Release|Any CPU
	EndGlobalSection
	GlobalSection(ProjectConfigurationPlatforms) = postSolution
		{CE3EB398-FAD4-427F-9628-22618DB8A0CF}.Debug|Any CPU.ActiveCfg = Debug|Any CPU
		{CE3EB398-FAD4-427F-9628-22618DB8A0CF}.Debug|Any CPU.Build.0 = Debug|Any CPU
		{CE3EB398-FAD4-427F-9628-22618DB8A0CF}.Release|Any CPU.ActiveCfg = Release|Any CPU
		{CE3EB398-FAD4-427F-9628-22618DB8A0CF}.Release|Any CPU.Build.0 = Release|Any CPU
	EndGlobalSection
	GlobalSection(SolutionProperties) = preSolution
		HideSolutionNode = FALSE
	EndGlobalSection
	GlobalSection(ExtensibilityGlobals) = postSolution
		SolutionGuid = {405EEB68-2D4D-4A7F-8126-F2E6993458F3}
	EndGlobalSection
EndGlobal
