
Microsoft Visual Studio Solution File, Format Version 12.00
# Visual Studio Version 16
VisualStudioVersion = 16.0.29709.97
MinimumVisualStudioVersion = 10.0.40219.1
Project("{FAE04EC0-301F-11D3-BF4B-00C04F79EFBC}") = "Manual", "Manual\Manual.csproj", "{634D6942-5696-4AE1-9E6B-81C9A347C494}"
EndProject
Global
	GlobalSection(SolutionConfigurationPlatforms) = preSolution
		Debug|Any CPU = Debug|Any CPU
		Release|Any CPU = Release|Any CPU
	EndGlobalSection
	GlobalSection(ProjectConfigurationPlatforms) = postSolution
		{634D6942-5696-4AE1-9E6B-81C9A347C494}.Debug|Any CPU.ActiveCfg = Debug|Any CPU
		{634D6942-5696-4AE1-9E6B-81C9A347C494}.Debug|Any CPU.Build.0 = Debug|Any CPU
		{634D6942-5696-4AE1-9E6B-81C9A347C494}.Release|Any CPU.ActiveCfg = Release|Any CPU
		{634D6942-5696-4AE1-9E6B-81C9A347C494}.Release|Any CPU.Build.0 = Release|Any CPU
	EndGlobalSection
	GlobalSection(SolutionProperties) = preSolution
		HideSolutionNode = FALSE
	EndGlobalSection
	GlobalSection(ExtensibilityGlobals) = postSolution
		SolutionGuid = {75CF0F9F-B776-44B0-8286-EB07C34B7F6D}
	EndGlobalSection
EndGlobal
