
Microsoft Visual Studio Solution File, Format Version 12.00
# Visual Studio Version 16
VisualStudioVersion = 16.0.29709.97
MinimumVisualStudioVersion = 10.0.40219.1
Project("{FAE04EC0-301F-11D3-BF4B-00C04F79EFBC}") = "Chapter_6", "Chapter_6\Chapter_6.csproj", "{33031819-7D13-4080-BEDD-2F021B20E472}"
EndProject
Global
	GlobalSection(SolutionConfigurationPlatforms) = preSolution
		Debug|Any CPU = Debug|Any CPU
		Release|Any CPU = Release|Any CPU
	EndGlobalSection
	GlobalSection(ProjectConfigurationPlatforms) = postSolution
		{33031819-7D13-4080-BEDD-2F021B20E472}.Debug|Any CPU.ActiveCfg = Debug|Any CPU
		{33031819-7D13-4080-BEDD-2F021B20E472}.Debug|Any CPU.Build.0 = Debug|Any CPU
		{33031819-7D13-4080-BEDD-2F021B20E472}.Release|Any CPU.ActiveCfg = Release|Any CPU
		{33031819-7D13-4080-BEDD-2F021B20E472}.Release|Any CPU.Build.0 = Release|Any CPU
	EndGlobalSection
	GlobalSection(SolutionProperties) = preSolution
		HideSolutionNode = FALSE
	EndGlobalSection
	GlobalSection(ExtensibilityGlobals) = postSolution
		SolutionGuid = {A4D403E4-CBFE-4D47-8D86-80D37DA0487E}
	EndGlobalSection
EndGlobal
